
Microsoft Visual Studio Solution File, Format Version 12.00
Project("{2150E333-8FDC-42A3-9474-1A3956D46DE8}") = "Services", "Services", "{FD0B165E-E3F4-4881-8023-EF4439C22D52}"
EndProject
Project("{2150E333-8FDC-42A3-9474-1A3956D46DE8}") = "FrontEnd", "FrontEnd", "{BAE623B0-04C6-498A-A867-21F6BD150BE4}"
EndProject
Project("{2150E333-8FDC-42A3-9474-1A3956D46DE8}") = "Gateway", "Gateway", "{150873BB-A84F-475E-A719-5F59CF0A01D2}"
EndProject
Project("{2150E333-8FDC-42A3-9474-1A3956D46DE8}") = "Integration", "Integration", "{A0EEE797-0860-48AC-83C5-0F4080466EC5}"
EndProject
Project("{FAE04EC0-301F-11D3-BF4B-00C04F79EFBC}") = "Mango.Services.CouponAPI", "Mango.Services.CouponAPI\Mango.Services.CouponAPI.csproj", "{4F8DFB81-1B74-4AB0-BCA5-4469D2C1C71D}"
EndProject
Project("{FAE04EC0-301F-11D3-BF4B-00C04F79EFBC}") = "Mango.Web", "Mango.Web\Mango.Web.csproj", "{736571D8-2EE9-46E8-B980-E232B9C17636}"
EndProject
Project("{FAE04EC0-301F-11D3-BF4B-00C04F79EFBC}") = "Mango.Services.AuthAPI", "Mango.Services.AuthAPI\Mango.Services.AuthAPI.csproj", "{820AB1A7-9E4A-441E-B834-3F8E0C0F1237}"
EndProject
Project("{FAE04EC0-301F-11D3-BF4B-00C04F79EFBC}") = "Mango.Services.ProductAPI", "Mango.Services.ProductAPI\Mango.Services.ProductAPI.csproj", "{A3F3F305-F9EB-4594-B49E-A52EEFF0FFAB}"
EndProject
Project("{FAE04EC0-301F-11D3-BF4B-00C04F79EFBC}") = "Mango.Services.ShoppingCartAPI", "Mango.Services.ShoppingCartAPI\Mango.Services.ShoppingCartAPI.csproj", "{9CD7747C-CEC9-4889-AE5E-29446F983509}"
EndProject
Project("{FAE04EC0-301F-11D3-BF4B-00C04F79EFBC}") = "Mango.Services.Infrastructure", "Mango.Services.Infrastructure\Mango.Services.Infrastructure.csproj", "{A7A5C559-80D7-4B89-AB79-15F823079C84}"
EndProject
Global
	GlobalSection(SolutionConfigurationPlatforms) = preSolution
		Debug|Any CPU = Debug|Any CPU
		Release|Any CPU = Release|Any CPU
	EndGlobalSection
	GlobalSection(ProjectConfigurationPlatforms) = postSolution
		{4F8DFB81-1B74-4AB0-BCA5-4469D2C1C71D}.Debug|Any CPU.ActiveCfg = Debug|Any CPU
		{4F8DFB81-1B74-4AB0-BCA5-4469D2C1C71D}.Debug|Any CPU.Build.0 = Debug|Any CPU
		{4F8DFB81-1B74-4AB0-BCA5-4469D2C1C71D}.Release|Any CPU.ActiveCfg = Release|Any CPU
		{4F8DFB81-1B74-4AB0-BCA5-4469D2C1C71D}.Release|Any CPU.Build.0 = Release|Any CPU
		{736571D8-2EE9-46E8-B980-E232B9C17636}.Debug|Any CPU.ActiveCfg = Debug|Any CPU
		{736571D8-2EE9-46E8-B980-E232B9C17636}.Debug|Any CPU.Build.0 = Debug|Any CPU
		{736571D8-2EE9-46E8-B980-E232B9C17636}.Release|Any CPU.ActiveCfg = Release|Any CPU
		{736571D8-2EE9-46E8-B980-E232B9C17636}.Release|Any CPU.Build.0 = Release|Any CPU
		{820AB1A7-9E4A-441E-B834-3F8E0C0F1237}.Debug|Any CPU.ActiveCfg = Debug|Any CPU
		{820AB1A7-9E4A-441E-B834-3F8E0C0F1237}.Debug|Any CPU.Build.0 = Debug|Any CPU
		{820AB1A7-9E4A-441E-B834-3F8E0C0F1237}.Release|Any CPU.ActiveCfg = Release|Any CPU
		{820AB1A7-9E4A-441E-B834-3F8E0C0F1237}.Release|Any CPU.Build.0 = Release|Any CPU
		{A3F3F305-F9EB-4594-B49E-A52EEFF0FFAB}.Debug|Any CPU.ActiveCfg = Debug|Any CPU
		{A3F3F305-F9EB-4594-B49E-A52EEFF0FFAB}.Debug|Any CPU.Build.0 = Debug|Any CPU
		{A3F3F305-F9EB-4594-B49E-A52EEFF0FFAB}.Release|Any CPU.ActiveCfg = Release|Any CPU
		{A3F3F305-F9EB-4594-B49E-A52EEFF0FFAB}.Release|Any CPU.Build.0 = Release|Any CPU
		{9CD7747C-CEC9-4889-AE5E-29446F983509}.Debug|Any CPU.ActiveCfg = Debug|Any CPU
		{9CD7747C-CEC9-4889-AE5E-29446F983509}.Debug|Any CPU.Build.0 = Debug|Any CPU
		{9CD7747C-CEC9-4889-AE5E-29446F983509}.Release|Any CPU.ActiveCfg = Release|Any CPU
		{9CD7747C-CEC9-4889-AE5E-29446F983509}.Release|Any CPU.Build.0 = Release|Any CPU
		{A7A5C559-80D7-4B89-AB79-15F823079C84}.Debug|Any CPU.ActiveCfg = Debug|Any CPU
		{A7A5C559-80D7-4B89-AB79-15F823079C84}.Debug|Any CPU.Build.0 = Debug|Any CPU
		{A7A5C559-80D7-4B89-AB79-15F823079C84}.Release|Any CPU.ActiveCfg = Release|Any CPU
		{A7A5C559-80D7-4B89-AB79-15F823079C84}.Release|Any CPU.Build.0 = Release|Any CPU
	EndGlobalSection
	GlobalSection(NestedProjects) = preSolution
		{4F8DFB81-1B74-4AB0-BCA5-4469D2C1C71D} = {FD0B165E-E3F4-4881-8023-EF4439C22D52}
		{736571D8-2EE9-46E8-B980-E232B9C17636} = {BAE623B0-04C6-498A-A867-21F6BD150BE4}
		{820AB1A7-9E4A-441E-B834-3F8E0C0F1237} = {FD0B165E-E3F4-4881-8023-EF4439C22D52}
		{A3F3F305-F9EB-4594-B49E-A52EEFF0FFAB} = {FD0B165E-E3F4-4881-8023-EF4439C22D52}
		{9CD7747C-CEC9-4889-AE5E-29446F983509} = {FD0B165E-E3F4-4881-8023-EF4439C22D52}
		{A7A5C559-80D7-4B89-AB79-15F823079C84} = {FD0B165E-E3F4-4881-8023-EF4439C22D52}
	EndGlobalSection
EndGlobal
